
Microsoft Visual Studio Solution File, Format Version 12.00
# Visual Studio 15
Project("{FAE04EC0-301F-11D3-BF4B-00C04F79EFBC}") = "UnityEngine.TestRunner", "UnityEngine.TestRunner.csproj", "{2649472D-C7D9-B787-32B4-7DC46A407307}"
EndProject
Project("{FAE04EC0-301F-11D3-BF4B-00C04F79EFBC}") = "UnityEngine.UI", "UnityEngine.UI.csproj", "{1A3B1417-5B15-938D-658B-322C7A57DD0B}"
EndProject
Project("{FAE04EC0-301F-11D3-BF4B-00C04F79EFBC}") = "Unity.VisualScripting.Flow", "Unity.VisualScripting.Flow.csproj", "{8C2F1C3C-FCD7-6123-1253-8D6BD534548E}"
EndProject
Project("{FAE04EC0-301F-11D3-BF4B-00C04F79EFBC}") = "Unity.XR.ARKit", "Unity.XR.ARKit.csproj", "{8933889E-7F47-A838-E4B9-13F0B51F1330}"
EndProject
Project("{FAE04EC0-301F-11D3-BF4B-00C04F79EFBC}") = "Unity.Services.Core.Telemetry", "Unity.Services.Core.Telemetry.csproj", "{AF3B1AA5-C589-72AB-1CEF-AAD255DBD7CF}"
EndProject
Project("{FAE04EC0-301F-11D3-BF4B-00C04F79EFBC}") = "Unity.InputSystem", "Unity.InputSystem.csproj", "{CAEE6445-2768-C734-8FCC-4342FDD29DB6}"
EndProject
Project("{FAE04EC0-301F-11D3-BF4B-00C04F79EFBC}") = "Unity.XR.ARSubsystems", "Unity.XR.ARSubsystems.csproj", "{FC8B9C3F-A87E-A7C8-12FE-22720D702C78}"
EndProject
Project("{FAE04EC0-301F-11D3-BF4B-00C04F79EFBC}") = "Unity.VisualScripting.State", "Unity.VisualScripting.State.csproj", "{36B45010-5B38-88FA-F86C-4B7E88F037A9}"
EndProject
Project("{FAE04EC0-301F-11D3-BF4B-00C04F79EFBC}") = "Unity.VisualScripting.Core", "Unity.VisualScripting.Core.csproj", "{73C41411-87E3-B823-CC40-C5902F43ED0B}"
EndProject
Project("{FAE04EC0-301F-11D3-BF4B-00C04F79EFBC}") = "UnityEngine.XR.LegacyInputHelpers", "UnityEngine.XR.LegacyInputHelpers.csproj", "{483A9455-789A-B201-2E29-FCBFE4E74D8A}"
EndProject
Project("{FAE04EC0-301F-11D3-BF4B-00C04F79EFBC}") = "Unity.XR.Oculus", "Unity.XR.Oculus.csproj", "{8C94C5DD-F244-9593-63AA-23F7A5B79D80}"
EndProject
Project("{FAE04EC0-301F-11D3-BF4B-00C04F79EFBC}") = "Unity.Services.Core.Environments.Internal", "Unity.Services.Core.Environments.Internal.csproj", "{D9AA9583-3A4B-D450-DD72-3F6208101D8D}"
EndProject
Project("{FAE04EC0-301F-11D3-BF4B-00C04F79EFBC}") = "Unity.TextMeshPro", "Unity.TextMeshPro.csproj", "{DA4FAD32-B78F-814F-4581-B275253E0D30}"
EndProject
Project("{FAE04EC0-301F-11D3-BF4B-00C04F79EFBC}") = "Unity.Timeline", "Unity.Timeline.csproj", "{FCD03A2B-BBB9-4BFE-D000-004ABDCB7CE4}"
EndProject
Project("{FAE04EC0-301F-11D3-BF4B-00C04F79EFBC}") = "Unity.Services.Core.Environments", "Unity.Services.Core.Environments.csproj", "{EFD32BBF-DE9F-1237-4C8F-FD4180639A79}"
EndProject
Project("{FAE04EC0-301F-11D3-BF4B-00C04F79EFBC}") = "Unity.Services.Core.Internal", "Unity.Services.Core.Internal.csproj", "{AF633F1D-BEB7-0A3A-2A06-2732068EA878}"
EndProject
Project("{FAE04EC0-301F-11D3-BF4B-00C04F79EFBC}") = "Unity.Services.Core.Analytics", "Unity.Services.Core.Analytics.csproj", "{E7918772-AE56-C9F9-945C-752C461FE887}"
EndProject
Project("{FAE04EC0-301F-11D3-BF4B-00C04F79EFBC}") = "Unity.Services.Core.Scheduler", "Unity.Services.Core.Scheduler.csproj", "{3272FBDF-AEB3-D139-7F0C-22BDF309C382}"
EndProject
Project("{FAE04EC0-301F-11D3-BF4B-00C04F79EFBC}") = "Unity.Services.Core.Registration", "Unity.Services.Core.Registration.csproj", "{14B428AC-3A9D-10F8-33DA-A0913B0445A1}"
EndProject
Project("{FAE04EC0-301F-11D3-BF4B-00C04F79EFBC}") = "Unity.Services.Core.Device", "Unity.Services.Core.Device.csproj", "{1D5E72AE-FE50-D344-F508-546654208777}"
EndProject
Project("{FAE04EC0-301F-11D3-BF4B-00C04F79EFBC}") = "Unity.XR.Management", "Unity.XR.Management.csproj", "{3109ED01-8676-1B22-B51D-83B14700FE75}"
EndProject
Project("{FAE04EC0-301F-11D3-BF4B-00C04F79EFBC}") = "Unity.Services.Core.Threading", "Unity.Services.Core.Threading.csproj", "{0C798170-8530-26BB-C1BE-A2D76221D888}"
EndProject
Project("{FAE04EC0-301F-11D3-BF4B-00C04F79EFBC}") = "Unity.Services.Core.Networking", "Unity.Services.Core.Networking.csproj", "{E3C06BB9-E2C9-0C4D-261E-DA670BBF88AC}"
EndProject
Project("{FAE04EC0-301F-11D3-BF4B-00C04F79EFBC}") = "Unity.Services.Core", "Unity.Services.Core.csproj", "{7E76416A-A9CD-C6E6-4DAD-3D63A948C9E0}"
EndProject
Project("{FAE04EC0-301F-11D3-BF4B-00C04F79EFBC}") = "Assembly-CSharp", "Assembly-CSharp.csproj", "{9D64DFB3-8832-C7E6-3BF8-A99AA2E543A7}"
EndProject
Project("{FAE04EC0-301F-11D3-BF4B-00C04F79EFBC}") = "UnityEngine.SpatialTracking", "UnityEngine.SpatialTracking.csproj", "{D2401513-19B8-DD3F-C531-5435A547111B}"
EndProject
Project("{FAE04EC0-301F-11D3-BF4B-00C04F79EFBC}") = "Unity.Services.Core.Configuration", "Unity.Services.Core.Configuration.csproj", "{03BAEAFA-5B96-4DFD-E195-29A914DF02C4}"
EndProject
Project("{FAE04EC0-301F-11D3-BF4B-00C04F79EFBC}") = "Unity.Subsystem.Registration", "Unity.Subsystem.Registration.csproj", "{36ABA71D-B196-CD8D-A3E6-46A5BDDBD51E}"
EndProject
Project("{FAE04EC0-301F-11D3-BF4B-00C04F79EFBC}") = "Unity.PlasticSCM.Editor", "Unity.PlasticSCM.Editor.csproj", "{A83237F0-3AC2-B479-8763-24A4340B7D67}"
EndProject
Project("{FAE04EC0-301F-11D3-BF4B-00C04F79EFBC}") = "Unity.VisualScripting.Core.Editor", "Unity.VisualScripting.Core.Editor.csproj", "{05D1418B-A6A0-98ED-DC08-0A3478DE7B59}"
EndProject
Project("{FAE04EC0-301F-11D3-BF4B-00C04F79EFBC}") = "Unity.VisualScripting.Flow.Editor", "Unity.VisualScripting.Flow.Editor.csproj", "{05E9F01F-F6E8-4953-1614-8F831DCC8CAC}"
EndProject
Project("{FAE04EC0-301F-11D3-BF4B-00C04F79EFBC}") = "Unity.VisualStudio.Editor", "Unity.VisualStudio.Editor.csproj", "{BF530D8B-A28D-650D-3C96-E60928140382}"
EndProject
Project("{FAE04EC0-301F-11D3-BF4B-00C04F79EFBC}") = "Unity.Timeline.Editor", "Unity.Timeline.Editor.csproj", "{0B134FD8-566E-4319-05E4-E73B67F052DD}"
EndProject
Project("{FAE04EC0-301F-11D3-BF4B-00C04F79EFBC}") = "Unity.VisualScripting.State.Editor", "Unity.VisualScripting.State.Editor.csproj", "{43722E55-7B55-7218-EC2D-0A7C7CB2BBB3}"
EndProject
Project("{FAE04EC0-301F-11D3-BF4B-00C04F79EFBC}") = "Unity.TextMeshPro.Editor", "Unity.TextMeshPro.Editor.csproj", "{8B2549D7-E42A-CF72-D8A6-1E70C1EA836E}"
EndProject
Project("{FAE04EC0-301F-11D3-BF4B-00C04F79EFBC}") = "Unity.VisualScripting.SettingsProvider.Editor", "Unity.VisualScripting.SettingsProvider.Editor.csproj", "{223C9685-6E91-7AE1-0AA7-F7E3BD10EEC9}"
EndProject
Project("{FAE04EC0-301F-11D3-BF4B-00C04F79EFBC}") = "Unity.CollabProxy.Editor", "Unity.CollabProxy.Editor.csproj", "{89692A9D-06EE-8FC1-8072-4EE2C6B579BC}"
EndProject
Project("{FAE04EC0-301F-11D3-BF4B-00C04F79EFBC}") = "UnityEditor.TestRunner", "UnityEditor.TestRunner.csproj", "{46DF6B68-5705-CF1F-C14C-420B2D0F6630}"
EndProject
Project("{FAE04EC0-301F-11D3-BF4B-00C04F79EFBC}") = "Unity.Services.Core.Editor", "Unity.Services.Core.Editor.csproj", "{618572D4-3B74-FB2E-F84A-2EB989BB01A6}"
EndProject
Project("{FAE04EC0-301F-11D3-BF4B-00C04F79EFBC}") = "Unity.TestTools.CodeCoverage.Editor", "Unity.TestTools.CodeCoverage.Editor.csproj", "{D46B2479-C51D-BFDF-5D5C-F712C6EF248C}"
EndProject
Project("{FAE04EC0-301F-11D3-BF4B-00C04F79EFBC}") = "Unity.Rider.Editor", "Unity.Rider.Editor.csproj", "{53B48CAD-EC9D-5118-2917-1F37E0283877}"
EndProject
Project("{FAE04EC0-301F-11D3-BF4B-00C04F79EFBC}") = "Unity.Performance.Profile-Analyzer.Editor", "Unity.Performance.Profile-Analyzer.Editor.csproj", "{359436F0-9083-0C70-7D77-8424F3644333}"
EndProject
Project("{FAE04EC0-301F-11D3-BF4B-00C04F79EFBC}") = "Unity.XR.ARKit.Editor", "Unity.XR.ARKit.Editor.csproj", "{6702611C-9D50-802E-589C-795A37E96EFA}"
EndProject
Project("{FAE04EC0-301F-11D3-BF4B-00C04F79EFBC}") = "Unity.XR.Management.Editor", "Unity.XR.Management.Editor.csproj", "{F1EE93A7-30BD-FF83-4B3E-9B83FC4933B6}"
EndProject
Project("{FAE04EC0-301F-11D3-BF4B-00C04F79EFBC}") = "Unity.VSCode.Editor", "Unity.VSCode.Editor.csproj", "{EA5DAC0C-D1B4-6A50-82CB-8DC6CB98E1E0}"
EndProject
Project("{FAE04EC0-301F-11D3-BF4B-00C04F79EFBC}") = "UnityEditor.UI", "UnityEditor.UI.csproj", "{A6018FCA-8D36-EADE-1BC3-6FA45DDF7417}"
EndProject
Project("{FAE04EC0-301F-11D3-BF4B-00C04F79EFBC}") = "Unity.TestTools.CodeCoverage.Editor.OpenCover.Model", "Unity.TestTools.CodeCoverage.Editor.OpenCover.Model.csproj", "{9568748A-1F6F-E89D-18D6-FE00CEBB3877}"
EndProject
Project("{FAE04EC0-301F-11D3-BF4B-00C04F79EFBC}") = "Unity.EditorCoroutines.Editor", "Unity.EditorCoroutines.Editor.csproj", "{81220004-96B5-1B8F-6A8D-D51E4B1845A8}"
EndProject
Project("{FAE04EC0-301F-11D3-BF4B-00C04F79EFBC}") = "Unity.Settings.Editor", "Unity.Settings.Editor.csproj", "{3B7BD1AC-D104-D31C-4168-FFDAB77E79FE}"
EndProject
Project("{FAE04EC0-301F-11D3-BF4B-00C04F79EFBC}") = "UnityEditor.SpatialTracking", "UnityEditor.SpatialTracking.csproj", "{664A1002-346B-CECF-08B0-C71A1EA20340}"
EndProject
Project("{FAE04EC0-301F-11D3-BF4B-00C04F79EFBC}") = "Unity.Services.Core.Configuration.Editor", "Unity.Services.Core.Configuration.Editor.csproj", "{8112F163-3DB7-8392-677A-3CDAC9609B28}"
EndProject
Project("{FAE04EC0-301F-11D3-BF4B-00C04F79EFBC}") = "UnityEditor.XR.LegacyInputHelpers", "UnityEditor.XR.LegacyInputHelpers.csproj", "{83E368C0-64FD-4315-8091-B6F73F441370}"
EndProject
Project("{FAE04EC0-301F-11D3-BF4B-00C04F79EFBC}") = "Unity.XR.ARSubsystems.Editor", "Unity.XR.ARSubsystems.Editor.csproj", "{D3D4CFBA-3445-4EC4-78CF-F3AEC84D2A7A}"
EndProject
Project("{FAE04EC0-301F-11D3-BF4B-00C04F79EFBC}") = "Unity.XR.Oculus.Editor", "Unity.XR.Oculus.Editor.csproj", "{B19EFB5D-6D6C-EE7D-1534-23EB401FB0A5}"
EndProject
Project("{FAE04EC0-301F-11D3-BF4B-00C04F79EFBC}") = "Unity.TestTools.CodeCoverage.Editor.OpenCover.Mono.Reflection", "Unity.TestTools.CodeCoverage.Editor.OpenCover.Mono.Reflection.csproj", "{4AD0B822-D638-7337-A4E8-5762C3EB8496}"
EndProject
Project("{FAE04EC0-301F-11D3-BF4B-00C04F79EFBC}") = "Unity.VisualScripting.Shared.Editor", "Unity.VisualScripting.Shared.Editor.csproj", "{E9DFEC22-57A8-A750-33DB-11F4F341886E}"
EndProject
Project("{FAE04EC0-301F-11D3-BF4B-00C04F79EFBC}") = "Unity.InternalAPIEditorBridge.005", "Unity.InternalAPIEditorBridge.005.csproj", "{BE67A6DA-3D5B-2DBB-8FDD-74D904B5AF18}"
EndProject
Global
	GlobalSection(SolutionConfigurationPlatforms) = preSolution
		Debug|Any CPU = Debug|Any CPU
		Release|Any CPU = Release|Any CPU
	EndGlobalSection
	GlobalSection(ProjectConfigurationPlatforms) = postSolution
		{2649472D-C7D9-B787-32B4-7DC46A407307}.Debug|Any CPU.ActiveCfg = Debug|Any CPU
		{2649472D-C7D9-B787-32B4-7DC46A407307}.Debug|Any CPU.Build.0 = Debug|Any CPU
		{2649472D-C7D9-B787-32B4-7DC46A407307}.Release|Any CPU.ActiveCfg = Release|Any CPU
		{2649472D-C7D9-B787-32B4-7DC46A407307}.Release|Any CPU.Build.0 = Release|Any CPU
		{1A3B1417-5B15-938D-658B-322C7A57DD0B}.Debug|Any CPU.ActiveCfg = Debug|Any CPU
		{1A3B1417-5B15-938D-658B-322C7A57DD0B}.Debug|Any CPU.Build.0 = Debug|Any CPU
		{1A3B1417-5B15-938D-658B-322C7A57DD0B}.Release|Any CPU.ActiveCfg = Release|Any CPU
		{1A3B1417-5B15-938D-658B-322C7A57DD0B}.Release|Any CPU.Build.0 = Release|Any CPU
		{8C2F1C3C-FCD7-6123-1253-8D6BD534548E}.Debug|Any CPU.ActiveCfg = Debug|Any CPU
		{8C2F1C3C-FCD7-6123-1253-8D6BD534548E}.Debug|Any CPU.Build.0 = Debug|Any CPU
		{8C2F1C3C-FCD7-6123-1253-8D6BD534548E}.Release|Any CPU.ActiveCfg = Release|Any CPU
		{8C2F1C3C-FCD7-6123-1253-8D6BD534548E}.Release|Any CPU.Build.0 = Release|Any CPU
		{8933889E-7F47-A838-E4B9-13F0B51F1330}.Debug|Any CPU.ActiveCfg = Debug|Any CPU
		{8933889E-7F47-A838-E4B9-13F0B51F1330}.Debug|Any CPU.Build.0 = Debug|Any CPU
		{8933889E-7F47-A838-E4B9-13F0B51F1330}.Release|Any CPU.ActiveCfg = Release|Any CPU
		{8933889E-7F47-A838-E4B9-13F0B51F1330}.Release|Any CPU.Build.0 = Release|Any CPU
		{AF3B1AA5-C589-72AB-1CEF-AAD255DBD7CF}.Debug|Any CPU.ActiveCfg = Debug|Any CPU
		{AF3B1AA5-C589-72AB-1CEF-AAD255DBD7CF}.Debug|Any CPU.Build.0 = Debug|Any CPU
		{AF3B1AA5-C589-72AB-1CEF-AAD255DBD7CF}.Release|Any CPU.ActiveCfg = Release|Any CPU
		{AF3B1AA5-C589-72AB-1CEF-AAD255DBD7CF}.Release|Any CPU.Build.0 = Release|Any CPU
		{CAEE6445-2768-C734-8FCC-4342FDD29DB6}.Debug|Any CPU.ActiveCfg = Debug|Any CPU
		{CAEE6445-2768-C734-8FCC-4342FDD29DB6}.Debug|Any CPU.Build.0 = Debug|Any CPU
		{CAEE6445-2768-C734-8FCC-4342FDD29DB6}.Release|Any CPU.ActiveCfg = Release|Any CPU
		{CAEE6445-2768-C734-8FCC-4342FDD29DB6}.Release|Any CPU.Build.0 = Release|Any CPU
		{FC8B9C3F-A87E-A7C8-12FE-22720D702C78}.Debug|Any CPU.ActiveCfg = Debug|Any CPU
		{FC8B9C3F-A87E-A7C8-12FE-22720D702C78}.Debug|Any CPU.Build.0 = Debug|Any CPU
		{FC8B9C3F-A87E-A7C8-12FE-22720D702C78}.Release|Any CPU.ActiveCfg = Release|Any CPU
		{FC8B9C3F-A87E-A7C8-12FE-22720D702C78}.Release|Any CPU.Build.0 = Release|Any CPU
		{36B45010-5B38-88FA-F86C-4B7E88F037A9}.Debug|Any CPU.ActiveCfg = Debug|Any CPU
		{36B45010-5B38-88FA-F86C-4B7E88F037A9}.Debug|Any CPU.Build.0 = Debug|Any CPU
		{36B45010-5B38-88FA-F86C-4B7E88F037A9}.Release|Any CPU.ActiveCfg = Release|Any CPU
		{36B45010-5B38-88FA-F86C-4B7E88F037A9}.Release|Any CPU.Build.0 = Release|Any CPU
		{73C41411-87E3-B823-CC40-C5902F43ED0B}.Debug|Any CPU.ActiveCfg = Debug|Any CPU
		{73C41411-87E3-B823-CC40-C5902F43ED0B}.Debug|Any CPU.Build.0 = Debug|Any CPU
		{73C41411-87E3-B823-CC40-C5902F43ED0B}.Release|Any CPU.ActiveCfg = Release|Any CPU
		{73C41411-87E3-B823-CC40-C5902F43ED0B}.Release|Any CPU.Build.0 = Release|Any CPU
		{483A9455-789A-B201-2E29-FCBFE4E74D8A}.Debug|Any CPU.ActiveCfg = Debug|Any CPU
		{483A9455-789A-B201-2E29-FCBFE4E74D8A}.Debug|Any CPU.Build.0 = Debug|Any CPU
		{483A9455-789A-B201-2E29-FCBFE4E74D8A}.Release|Any CPU.ActiveCfg = Release|Any CPU
		{483A9455-789A-B201-2E29-FCBFE4E74D8A}.Release|Any CPU.Build.0 = Release|Any CPU
		{8C94C5DD-F244-9593-63AA-23F7A5B79D80}.Debug|Any CPU.ActiveCfg = Debug|Any CPU
		{8C94C5DD-F244-9593-63AA-23F7A5B79D80}.Debug|Any CPU.Build.0 = Debug|Any CPU
		{8C94C5DD-F244-9593-63AA-23F7A5B79D80}.Release|Any CPU.ActiveCfg = Release|Any CPU
		{8C94C5DD-F244-9593-63AA-23F7A5B79D80}.Release|Any CPU.Build.0 = Release|Any CPU
		{D9AA9583-3A4B-D450-DD72-3F6208101D8D}.Debug|Any CPU.ActiveCfg = Debug|Any CPU
		{D9AA9583-3A4B-D450-DD72-3F6208101D8D}.Debug|Any CPU.Build.0 = Debug|Any CPU
		{D9AA9583-3A4B-D450-DD72-3F6208101D8D}.Release|Any CPU.ActiveCfg = Release|Any CPU
		{D9AA9583-3A4B-D450-DD72-3F6208101D8D}.Release|Any CPU.Build.0 = Release|Any CPU
		{DA4FAD32-B78F-814F-4581-B275253E0D30}.Debug|Any CPU.ActiveCfg = Debug|Any CPU
		{DA4FAD32-B78F-814F-4581-B275253E0D30}.Debug|Any CPU.Build.0 = Debug|Any CPU
		{DA4FAD32-B78F-814F-4581-B275253E0D30}.Release|Any CPU.ActiveCfg = Release|Any CPU
		{DA4FAD32-B78F-814F-4581-B275253E0D30}.Release|Any CPU.Build.0 = Release|Any CPU
		{FCD03A2B-BBB9-4BFE-D000-004ABDCB7CE4}.Debug|Any CPU.ActiveCfg = Debug|Any CPU
		{FCD03A2B-BBB9-4BFE-D000-004ABDCB7CE4}.Debug|Any CPU.Build.0 = Debug|Any CPU
		{FCD03A2B-BBB9-4BFE-D000-004ABDCB7CE4}.Release|Any CPU.ActiveCfg = Release|Any CPU
		{FCD03A2B-BBB9-4BFE-D000-004ABDCB7CE4}.Release|Any CPU.Build.0 = Release|Any CPU
		{EFD32BBF-DE9F-1237-4C8F-FD4180639A79}.Debug|Any CPU.ActiveCfg = Debug|Any CPU
		{EFD32BBF-DE9F-1237-4C8F-FD4180639A79}.Debug|Any CPU.Build.0 = Debug|Any CPU
		{EFD32BBF-DE9F-1237-4C8F-FD4180639A79}.Release|Any CPU.ActiveCfg = Release|Any CPU
		{EFD32BBF-DE9F-1237-4C8F-FD4180639A79}.Release|Any CPU.Build.0 = Release|Any CPU
		{AF633F1D-BEB7-0A3A-2A06-2732068EA878}.Debug|Any CPU.ActiveCfg = Debug|Any CPU
		{AF633F1D-BEB7-0A3A-2A06-2732068EA878}.Debug|Any CPU.Build.0 = Debug|Any CPU
		{AF633F1D-BEB7-0A3A-2A06-2732068EA878}.Release|Any CPU.ActiveCfg = Release|Any CPU
		{AF633F1D-BEB7-0A3A-2A06-2732068EA878}.Release|Any CPU.Build.0 = Release|Any CPU
		{E7918772-AE56-C9F9-945C-752C461FE887}.Debug|Any CPU.ActiveCfg = Debug|Any CPU
		{E7918772-AE56-C9F9-945C-752C461FE887}.Debug|Any CPU.Build.0 = Debug|Any CPU
		{E7918772-AE56-C9F9-945C-752C461FE887}.Release|Any CPU.ActiveCfg = Release|Any CPU
		{E7918772-AE56-C9F9-945C-752C461FE887}.Release|Any CPU.Build.0 = Release|Any CPU
		{3272FBDF-AEB3-D139-7F0C-22BDF309C382}.Debug|Any CPU.ActiveCfg = Debug|Any CPU
		{3272FBDF-AEB3-D139-7F0C-22BDF309C382}.Debug|Any CPU.Build.0 = Debug|Any CPU
		{3272FBDF-AEB3-D139-7F0C-22BDF309C382}.Release|Any CPU.ActiveCfg = Release|Any CPU
		{3272FBDF-AEB3-D139-7F0C-22BDF309C382}.Release|Any CPU.Build.0 = Release|Any CPU
		{14B428AC-3A9D-10F8-33DA-A0913B0445A1}.Debug|Any CPU.ActiveCfg = Debug|Any CPU
		{14B428AC-3A9D-10F8-33DA-A0913B0445A1}.Debug|Any CPU.Build.0 = Debug|Any CPU
		{14B428AC-3A9D-10F8-33DA-A0913B0445A1}.Release|Any CPU.ActiveCfg = Release|Any CPU
		{14B428AC-3A9D-10F8-33DA-A0913B0445A1}.Release|Any CPU.Build.0 = Release|Any CPU
		{1D5E72AE-FE50-D344-F508-546654208777}.Debug|Any CPU.ActiveCfg = Debug|Any CPU
		{1D5E72AE-FE50-D344-F508-546654208777}.Debug|Any CPU.Build.0 = Debug|Any CPU
		{1D5E72AE-FE50-D344-F508-546654208777}.Release|Any CPU.ActiveCfg = Release|Any CPU
		{1D5E72AE-FE50-D344-F508-546654208777}.Release|Any CPU.Build.0 = Release|Any CPU
		{3109ED01-8676-1B22-B51D-83B14700FE75}.Debug|Any CPU.ActiveCfg = Debug|Any CPU
		{3109ED01-8676-1B22-B51D-83B14700FE75}.Debug|Any CPU.Build.0 = Debug|Any CPU
		{3109ED01-8676-1B22-B51D-83B14700FE75}.Release|Any CPU.ActiveCfg = Release|Any CPU
		{3109ED01-8676-1B22-B51D-83B14700FE75}.Release|Any CPU.Build.0 = Release|Any CPU
		{0C798170-8530-26BB-C1BE-A2D76221D888}.Debug|Any CPU.ActiveCfg = Debug|Any CPU
		{0C798170-8530-26BB-C1BE-A2D76221D888}.Debug|Any CPU.Build.0 = Debug|Any CPU
		{0C798170-8530-26BB-C1BE-A2D76221D888}.Release|Any CPU.ActiveCfg = Release|Any CPU
		{0C798170-8530-26BB-C1BE-A2D76221D888}.Release|Any CPU.Build.0 = Release|Any CPU
		{E3C06BB9-E2C9-0C4D-261E-DA670BBF88AC}.Debug|Any CPU.ActiveCfg = Debug|Any CPU
		{E3C06BB9-E2C9-0C4D-261E-DA670BBF88AC}.Debug|Any CPU.Build.0 = Debug|Any CPU
		{E3C06BB9-E2C9-0C4D-261E-DA670BBF88AC}.Release|Any CPU.ActiveCfg = Release|Any CPU
		{E3C06BB9-E2C9-0C4D-261E-DA670BBF88AC}.Release|Any CPU.Build.0 = Release|Any CPU
		{7E76416A-A9CD-C6E6-4DAD-3D63A948C9E0}.Debug|Any CPU.ActiveCfg = Debug|Any CPU
		{7E76416A-A9CD-C6E6-4DAD-3D63A948C9E0}.Debug|Any CPU.Build.0 = Debug|Any CPU
		{7E76416A-A9CD-C6E6-4DAD-3D63A948C9E0}.Release|Any CPU.ActiveCfg = Release|Any CPU
		{7E76416A-A9CD-C6E6-4DAD-3D63A948C9E0}.Release|Any CPU.Build.0 = Release|Any CPU
		{9D64DFB3-8832-C7E6-3BF8-A99AA2E543A7}.Debug|Any CPU.ActiveCfg = Debug|Any CPU
		{9D64DFB3-8832-C7E6-3BF8-A99AA2E543A7}.Debug|Any CPU.Build.0 = Debug|Any CPU
		{9D64DFB3-8832-C7E6-3BF8-A99AA2E543A7}.Release|Any CPU.ActiveCfg = Release|Any CPU
		{9D64DFB3-8832-C7E6-3BF8-A99AA2E543A7}.Release|Any CPU.Build.0 = Release|Any CPU
		{D2401513-19B8-DD3F-C531-5435A547111B}.Debug|Any CPU.ActiveCfg = Debug|Any CPU
		{D2401513-19B8-DD3F-C531-5435A547111B}.Debug|Any CPU.Build.0 = Debug|Any CPU
		{D2401513-19B8-DD3F-C531-5435A547111B}.Release|Any CPU.ActiveCfg = Release|Any CPU
		{D2401513-19B8-DD3F-C531-5435A547111B}.Release|Any CPU.Build.0 = Release|Any CPU
		{03BAEAFA-5B96-4DFD-E195-29A914DF02C4}.Debug|Any CPU.ActiveCfg = Debug|Any CPU
		{03BAEAFA-5B96-4DFD-E195-29A914DF02C4}.Debug|Any CPU.Build.0 = Debug|Any CPU
		{03BAEAFA-5B96-4DFD-E195-29A914DF02C4}.Release|Any CPU.ActiveCfg = Release|Any CPU
		{03BAEAFA-5B96-4DFD-E195-29A914DF02C4}.Release|Any CPU.Build.0 = Release|Any CPU
		{36ABA71D-B196-CD8D-A3E6-46A5BDDBD51E}.Debug|Any CPU.ActiveCfg = Debug|Any CPU
		{36ABA71D-B196-CD8D-A3E6-46A5BDDBD51E}.Debug|Any CPU.Build.0 = Debug|Any CPU
		{36ABA71D-B196-CD8D-A3E6-46A5BDDBD51E}.Release|Any CPU.ActiveCfg = Release|Any CPU
		{36ABA71D-B196-CD8D-A3E6-46A5BDDBD51E}.Release|Any CPU.Build.0 = Release|Any CPU
		{A83237F0-3AC2-B479-8763-24A4340B7D67}.Debug|Any CPU.ActiveCfg = Debug|Any CPU
		{A83237F0-3AC2-B479-8763-24A4340B7D67}.Debug|Any CPU.Build.0 = Debug|Any CPU
		{A83237F0-3AC2-B479-8763-24A4340B7D67}.Release|Any CPU.ActiveCfg = Release|Any CPU
		{A83237F0-3AC2-B479-8763-24A4340B7D67}.Release|Any CPU.Build.0 = Release|Any CPU
		{05D1418B-A6A0-98ED-DC08-0A3478DE7B59}.Debug|Any CPU.ActiveCfg = Debug|Any CPU
		{05D1418B-A6A0-98ED-DC08-0A3478DE7B59}.Debug|Any CPU.Build.0 = Debug|Any CPU
		{05D1418B-A6A0-98ED-DC08-0A3478DE7B59}.Release|Any CPU.ActiveCfg = Release|Any CPU
		{05D1418B-A6A0-98ED-DC08-0A3478DE7B59}.Release|Any CPU.Build.0 = Release|Any CPU
		{05E9F01F-F6E8-4953-1614-8F831DCC8CAC}.Debug|Any CPU.ActiveCfg = Debug|Any CPU
		{05E9F01F-F6E8-4953-1614-8F831DCC8CAC}.Debug|Any CPU.Build.0 = Debug|Any CPU
		{05E9F01F-F6E8-4953-1614-8F831DCC8CAC}.Release|Any CPU.ActiveCfg = Release|Any CPU
		{05E9F01F-F6E8-4953-1614-8F831DCC8CAC}.Release|Any CPU.Build.0 = Release|Any CPU
		{BF530D8B-A28D-650D-3C96-E60928140382}.Debug|Any CPU.ActiveCfg = Debug|Any CPU
		{BF530D8B-A28D-650D-3C96-E60928140382}.Debug|Any CPU.Build.0 = Debug|Any CPU
		{BF530D8B-A28D-650D-3C96-E60928140382}.Release|Any CPU.ActiveCfg = Release|Any CPU
		{BF530D8B-A28D-650D-3C96-E60928140382}.Release|Any CPU.Build.0 = Release|Any CPU
		{0B134FD8-566E-4319-05E4-E73B67F052DD}.Debug|Any CPU.ActiveCfg = Debug|Any CPU
		{0B134FD8-566E-4319-05E4-E73B67F052DD}.Debug|Any CPU.Build.0 = Debug|Any CPU
		{0B134FD8-566E-4319-05E4-E73B67F052DD}.Release|Any CPU.ActiveCfg = Release|Any CPU
		{0B134FD8-566E-4319-05E4-E73B67F052DD}.Release|Any CPU.Build.0 = Release|Any CPU
		{43722E55-7B55-7218-EC2D-0A7C7CB2BBB3}.Debug|Any CPU.ActiveCfg = Debug|Any CPU
		{43722E55-7B55-7218-EC2D-0A7C7CB2BBB3}.Debug|Any CPU.Build.0 = Debug|Any CPU
		{43722E55-7B55-7218-EC2D-0A7C7CB2BBB3}.Release|Any CPU.ActiveCfg = Release|Any CPU
		{43722E55-7B55-7218-EC2D-0A7C7CB2BBB3}.Release|Any CPU.Build.0 = Release|Any CPU
		{8B2549D7-E42A-CF72-D8A6-1E70C1EA836E}.Debug|Any CPU.ActiveCfg = Debug|Any CPU
		{8B2549D7-E42A-CF72-D8A6-1E70C1EA836E}.Debug|Any CPU.Build.0 = Debug|Any CPU
		{8B2549D7-E42A-CF72-D8A6-1E70C1EA836E}.Release|Any CPU.ActiveCfg = Release|Any CPU
		{8B2549D7-E42A-CF72-D8A6-1E70C1EA836E}.Release|Any CPU.Build.0 = Release|Any CPU
		{223C9685-6E91-7AE1-0AA7-F7E3BD10EEC9}.Debug|Any CPU.ActiveCfg = Debug|Any CPU
		{223C9685-6E91-7AE1-0AA7-F7E3BD10EEC9}.Debug|Any CPU.Build.0 = Debug|Any CPU
		{223C9685-6E91-7AE1-0AA7-F7E3BD10EEC9}.Release|Any CPU.ActiveCfg = Release|Any CPU
		{223C9685-6E91-7AE1-0AA7-F7E3BD10EEC9}.Release|Any CPU.Build.0 = Release|Any CPU
		{89692A9D-06EE-8FC1-8072-4EE2C6B579BC}.Debug|Any CPU.ActiveCfg = Debug|Any CPU
		{89692A9D-06EE-8FC1-8072-4EE2C6B579BC}.Debug|Any CPU.Build.0 = Debug|Any CPU
		{89692A9D-06EE-8FC1-8072-4EE2C6B579BC}.Release|Any CPU.ActiveCfg = Release|Any CPU
		{89692A9D-06EE-8FC1-8072-4EE2C6B579BC}.Release|Any CPU.Build.0 = Release|Any CPU
		{46DF6B68-5705-CF1F-C14C-420B2D0F6630}.Debug|Any CPU.ActiveCfg = Debug|Any CPU
		{46DF6B68-5705-CF1F-C14C-420B2D0F6630}.Debug|Any CPU.Build.0 = Debug|Any CPU
		{46DF6B68-5705-CF1F-C14C-420B2D0F6630}.Release|Any CPU.ActiveCfg = Release|Any CPU
		{46DF6B68-5705-CF1F-C14C-420B2D0F6630}.Release|Any CPU.Build.0 = Release|Any CPU
		{618572D4-3B74-FB2E-F84A-2EB989BB01A6}.Debug|Any CPU.ActiveCfg = Debug|Any CPU
		{618572D4-3B74-FB2E-F84A-2EB989BB01A6}.Debug|Any CPU.Build.0 = Debug|Any CPU
		{618572D4-3B74-FB2E-F84A-2EB989BB01A6}.Release|Any CPU.ActiveCfg = Release|Any CPU
		{618572D4-3B74-FB2E-F84A-2EB989BB01A6}.Release|Any CPU.Build.0 = Release|Any CPU
		{D46B2479-C51D-BFDF-5D5C-F712C6EF248C}.Debug|Any CPU.ActiveCfg = Debug|Any CPU
		{D46B2479-C51D-BFDF-5D5C-F712C6EF248C}.Debug|Any CPU.Build.0 = Debug|Any CPU
		{D46B2479-C51D-BFDF-5D5C-F712C6EF248C}.Release|Any CPU.ActiveCfg = Release|Any CPU
		{D46B2479-C51D-BFDF-5D5C-F712C6EF248C}.Release|Any CPU.Build.0 = Release|Any CPU
		{53B48CAD-EC9D-5118-2917-1F37E0283877}.Debug|Any CPU.ActiveCfg = Debug|Any CPU
		{53B48CAD-EC9D-5118-2917-1F37E0283877}.Debug|Any CPU.Build.0 = Debug|Any CPU
		{53B48CAD-EC9D-5118-2917-1F37E0283877}.Release|Any CPU.ActiveCfg = Release|Any CPU
		{53B48CAD-EC9D-5118-2917-1F37E0283877}.Release|Any CPU.Build.0 = Release|Any CPU
		{359436F0-9083-0C70-7D77-8424F3644333}.Debug|Any CPU.ActiveCfg = Debug|Any CPU
		{359436F0-9083-0C70-7D77-8424F3644333}.Debug|Any CPU.Build.0 = Debug|Any CPU
		{359436F0-9083-0C70-7D77-8424F3644333}.Release|Any CPU.ActiveCfg = Release|Any CPU
		{359436F0-9083-0C70-7D77-8424F3644333}.Release|Any CPU.Build.0 = Release|Any CPU
		{6702611C-9D50-802E-589C-795A37E96EFA}.Debug|Any CPU.ActiveCfg = Debug|Any CPU
		{6702611C-9D50-802E-589C-795A37E96EFA}.Debug|Any CPU.Build.0 = Debug|Any CPU
		{6702611C-9D50-802E-589C-795A37E96EFA}.Release|Any CPU.ActiveCfg = Release|Any CPU
		{6702611C-9D50-802E-589C-795A37E96EFA}.Release|Any CPU.Build.0 = Release|Any CPU
		{F1EE93A7-30BD-FF83-4B3E-9B83FC4933B6}.Debug|Any CPU.ActiveCfg = Debug|Any CPU
		{F1EE93A7-30BD-FF83-4B3E-9B83FC4933B6}.Debug|Any CPU.Build.0 = Debug|Any CPU
		{F1EE93A7-30BD-FF83-4B3E-9B83FC4933B6}.Release|Any CPU.ActiveCfg = Release|Any CPU
		{F1EE93A7-30BD-FF83-4B3E-9B83FC4933B6}.Release|Any CPU.Build.0 = Release|Any CPU
		{EA5DAC0C-D1B4-6A50-82CB-8DC6CB98E1E0}.Debug|Any CPU.ActiveCfg = Debug|Any CPU
		{EA5DAC0C-D1B4-6A50-82CB-8DC6CB98E1E0}.Debug|Any CPU.Build.0 = Debug|Any CPU
		{EA5DAC0C-D1B4-6A50-82CB-8DC6CB98E1E0}.Release|Any CPU.ActiveCfg = Release|Any CPU
		{EA5DAC0C-D1B4-6A50-82CB-8DC6CB98E1E0}.Release|Any CPU.Build.0 = Release|Any CPU
		{A6018FCA-8D36-EADE-1BC3-6FA45DDF7417}.Debug|Any CPU.ActiveCfg = Debug|Any CPU
		{A6018FCA-8D36-EADE-1BC3-6FA45DDF7417}.Debug|Any CPU.Build.0 = Debug|Any CPU
		{A6018FCA-8D36-EADE-1BC3-6FA45DDF7417}.Release|Any CPU.ActiveCfg = Release|Any CPU
		{A6018FCA-8D36-EADE-1BC3-6FA45DDF7417}.Release|Any CPU.Build.0 = Release|Any CPU
		{9568748A-1F6F-E89D-18D6-FE00CEBB3877}.Debug|Any CPU.ActiveCfg = Debug|Any CPU
		{9568748A-1F6F-E89D-18D6-FE00CEBB3877}.Debug|Any CPU.Build.0 = Debug|Any CPU
		{9568748A-1F6F-E89D-18D6-FE00CEBB3877}.Release|Any CPU.ActiveCfg = Release|Any CPU
		{9568748A-1F6F-E89D-18D6-FE00CEBB3877}.Release|Any CPU.Build.0 = Release|Any CPU
		{81220004-96B5-1B8F-6A8D-D51E4B1845A8}.Debug|Any CPU.ActiveCfg = Debug|Any CPU
		{81220004-96B5-1B8F-6A8D-D51E4B1845A8}.Debug|Any CPU.Build.0 = Debug|Any CPU
		{81220004-96B5-1B8F-6A8D-D51E4B1845A8}.Release|Any CPU.ActiveCfg = Release|Any CPU
		{81220004-96B5-1B8F-6A8D-D51E4B1845A8}.Release|Any CPU.Build.0 = Release|Any CPU
		{3B7BD1AC-D104-D31C-4168-FFDAB77E79FE}.Debug|Any CPU.ActiveCfg = Debug|Any CPU
		{3B7BD1AC-D104-D31C-4168-FFDAB77E79FE}.Debug|Any CPU.Build.0 = Debug|Any CPU
		{3B7BD1AC-D104-D31C-4168-FFDAB77E79FE}.Release|Any CPU.ActiveCfg = Release|Any CPU
		{3B7BD1AC-D104-D31C-4168-FFDAB77E79FE}.Release|Any CPU.Build.0 = Release|Any CPU
		{664A1002-346B-CECF-08B0-C71A1EA20340}.Debug|Any CPU.ActiveCfg = Debug|Any CPU
		{664A1002-346B-CECF-08B0-C71A1EA20340}.Debug|Any CPU.Build.0 = Debug|Any CPU
		{664A1002-346B-CECF-08B0-C71A1EA20340}.Release|Any CPU.ActiveCfg = Release|Any CPU
		{664A1002-346B-CECF-08B0-C71A1EA20340}.Release|Any CPU.Build.0 = Release|Any CPU
		{8112F163-3DB7-8392-677A-3CDAC9609B28}.Debug|Any CPU.ActiveCfg = Debug|Any CPU
		{8112F163-3DB7-8392-677A-3CDAC9609B28}.Debug|Any CPU.Build.0 = Debug|Any CPU
		{8112F163-3DB7-8392-677A-3CDAC9609B28}.Release|Any CPU.ActiveCfg = Release|Any CPU
		{8112F163-3DB7-8392-677A-3CDAC9609B28}.Release|Any CPU.Build.0 = Release|Any CPU
		{83E368C0-64FD-4315-8091-B6F73F441370}.Debug|Any CPU.ActiveCfg = Debug|Any CPU
		{83E368C0-64FD-4315-8091-B6F73F441370}.Debug|Any CPU.Build.0 = Debug|Any CPU
		{83E368C0-64FD-4315-8091-B6F73F441370}.Release|Any CPU.ActiveCfg = Release|Any CPU
		{83E368C0-64FD-4315-8091-B6F73F441370}.Release|Any CPU.Build.0 = Release|Any CPU
		{D3D4CFBA-3445-4EC4-78CF-F3AEC84D2A7A}.Debug|Any CPU.ActiveCfg = Debug|Any CPU
		{D3D4CFBA-3445-4EC4-78CF-F3AEC84D2A7A}.Debug|Any CPU.Build.0 = Debug|Any CPU
		{D3D4CFBA-3445-4EC4-78CF-F3AEC84D2A7A}.Release|Any CPU.ActiveCfg = Release|Any CPU
		{D3D4CFBA-3445-4EC4-78CF-F3AEC84D2A7A}.Release|Any CPU.Build.0 = Release|Any CPU
		{B19EFB5D-6D6C-EE7D-1534-23EB401FB0A5}.Debug|Any CPU.ActiveCfg = Debug|Any CPU
		{B19EFB5D-6D6C-EE7D-1534-23EB401FB0A5}.Debug|Any CPU.Build.0 = Debug|Any CPU
		{B19EFB5D-6D6C-EE7D-1534-23EB401FB0A5}.Release|Any CPU.ActiveCfg = Release|Any CPU
		{B19EFB5D-6D6C-EE7D-1534-23EB401FB0A5}.Release|Any CPU.Build.0 = Release|Any CPU
		{4AD0B822-D638-7337-A4E8-5762C3EB8496}.Debug|Any CPU.ActiveCfg = Debug|Any CPU
		{4AD0B822-D638-7337-A4E8-5762C3EB8496}.Debug|Any CPU.Build.0 = Debug|Any CPU
		{4AD0B822-D638-7337-A4E8-5762C3EB8496}.Release|Any CPU.ActiveCfg = Release|Any CPU
		{4AD0B822-D638-7337-A4E8-5762C3EB8496}.Release|Any CPU.Build.0 = Release|Any CPU
		{E9DFEC22-57A8-A750-33DB-11F4F341886E}.Debug|Any CPU.ActiveCfg = Debug|Any CPU
		{E9DFEC22-57A8-A750-33DB-11F4F341886E}.Debug|Any CPU.Build.0 = Debug|Any CPU
		{E9DFEC22-57A8-A750-33DB-11F4F341886E}.Release|Any CPU.ActiveCfg = Release|Any CPU
		{E9DFEC22-57A8-A750-33DB-11F4F341886E}.Release|Any CPU.Build.0 = Release|Any CPU
		{BE67A6DA-3D5B-2DBB-8FDD-74D904B5AF18}.Debug|Any CPU.ActiveCfg = Debug|Any CPU
		{BE67A6DA-3D5B-2DBB-8FDD-74D904B5AF18}.Debug|Any CPU.Build.0 = Debug|Any CPU
		{BE67A6DA-3D5B-2DBB-8FDD-74D904B5AF18}.Release|Any CPU.ActiveCfg = Release|Any CPU
		{BE67A6DA-3D5B-2DBB-8FDD-74D904B5AF18}.Release|Any CPU.Build.0 = Release|Any CPU
	EndGlobalSection
	GlobalSection(SolutionProperties) = preSolution
		HideSolutionNode = FALSE
	EndGlobalSection
EndGlobal
